{
  "name": "ps-pat.github.io",
  "lockfileVersion": 3,
  "requires": true,
  "packages": {
    "": {
      "dependencies": {
        "css-paint-polyfill": "^3.4.0",
        "highlight.js": "^11.9.0"
      }
    },
    "node_modules/css-paint-polyfill": {
      "version": "3.4.0",
      "resolved": "https://registry.npmjs.org/css-paint-polyfill/-/css-paint-polyfill-3.4.0.tgz",
      "integrity": "sha512-B89ymLgMZie41d+QrD//5RWnwykvru5H9Yzd/MMJIgPdVsKB7t4lxuhIAyzy5FnoUbb0MztagNVRe9dI7kMbiA=="
    },
    "node_modules/highlight.js": {
      "version": "11.9.0",
      "resolved": "https://registry.npmjs.org/highlight.js/-/highlight.js-11.9.0.tgz",
      "integrity": "sha512-fJ7cW7fQGCYAkgv4CPfwFHrfd/cLS4Hau96JuJ+ZTOWhjnhoeN1ub1tFmALm/+lW5z4WCAuAV9bm05AP0mS6Gw==",
      "engines": {
        "node": ">=12.0.0"
      }
    }
  }
}
